
Microsoft Visual Studio Solution File, Format Version 12.00
# Visual Studio Version 16
VisualStudioVersion = 16.0.30611.23
MinimumVisualStudioVersion = 15.0.26124.0
Project("{2150E333-8FDC-42A3-9474-1A3956D46DE8}") = "Solution Items", "Solution Items", "{B9E9E28B-CC44-4775-AC90-CFAFA67803BD}"
	ProjectSection(SolutionItems) = preProject
		.editorconfig = .editorconfig
		.gitattributes = .gitattributes
		.gitignore = .gitignore
		Directory.Build.props = Directory.Build.props
		Directory.Build.targets = Directory.Build.targets
		Directory.Meta.props = Directory.Meta.props
		LICENSE = LICENSE
	EndProjectSection
EndProject
Project("{2150E333-8FDC-42A3-9474-1A3956D46DE8}") = "src", "src", "{67590433-EF5E-49BB-B75F-1E97A6346CF6}"
EndProject
Project("{2150E333-8FDC-42A3-9474-1A3956D46DE8}") = "test", "test", "{995109F3-6C00-477F-A179-3250114070C5}"
EndProject
Project("{9A19103F-16F7-4668-BE54-9A1E7A4F7556}") = "THNETII.Serialization.Test", "test\THNETII.Serialization.Test\THNETII.Serialization.Test.csproj", "{65CEFD25-F378-4465-883B-436CBE9BDB63}"
EndProject
Project("{9A19103F-16F7-4668-BE54-9A1E7A4F7556}") = "THNETII.Serialization.JsonConverters", "src\THNETII.Serialization.JsonConverters\THNETII.Serialization.JsonConverters.csproj", "{547E1635-A195-4CF2-B879-A08E781F24E3}"
EndProject
Global
	GlobalSection(SolutionConfigurationPlatforms) = preSolution
		Debug|Any CPU = Debug|Any CPU
		Debug|x64 = Debug|x64
		Debug|x86 = Debug|x86
		Release|Any CPU = Release|Any CPU
		Release|x64 = Release|x64
		Release|x86 = Release|x86
	EndGlobalSection
	GlobalSection(ProjectConfigurationPlatforms) = postSolution
		{65CEFD25-F378-4465-883B-436CBE9BDB63}.Debug|Any CPU.ActiveCfg = Debug|Any CPU
		{65CEFD25-F378-4465-883B-436CBE9BDB63}.Debug|Any CPU.Build.0 = Debug|Any CPU
		{65CEFD25-F378-4465-883B-436CBE9BDB63}.Debug|x64.ActiveCfg = Debug|Any CPU
		{65CEFD25-F378-4465-883B-436CBE9BDB63}.Debug|x64.Build.0 = Debug|Any CPU
		{65CEFD25-F378-4465-883B-436CBE9BDB63}.Debug|x86.ActiveCfg = Debug|Any CPU
		{65CEFD25-F378-4465-883B-436CBE9BDB63}.Debug|x86.Build.0 = Debug|Any CPU
		{65CEFD25-F378-4465-883B-436CBE9BDB63}.Release|Any CPU.ActiveCfg = Release|Any CPU
		{65CEFD25-F378-4465-883B-436CBE9BDB63}.Release|Any CPU.Build.0 = Release|Any CPU
		{65CEFD25-F378-4465-883B-436CBE9BDB63}.Release|x64.ActiveCfg = Release|Any CPU
		{65CEFD25-F378-4465-883B-436CBE9BDB63}.Release|x64.Build.0 = Release|Any CPU
		{65CEFD25-F378-4465-883B-436CBE9BDB63}.Release|x86.ActiveCfg = Release|Any CPU
		{65CEFD25-F378-4465-883B-436CBE9BDB63}.Release|x86.Build.0 = Release|Any CPU
		{547E1635-A195-4CF2-B879-A08E781F24E3}.Debug|Any CPU.ActiveCfg = Debug|Any CPU
		{547E1635-A195-4CF2-B879-A08E781F24E3}.Debug|Any CPU.Build.0 = Debug|Any CPU
		{547E1635-A195-4CF2-B879-A08E781F24E3}.Debug|x64.ActiveCfg = Debug|Any CPU
		{547E1635-A195-4CF2-B879-A08E781F24E3}.Debug|x64.Build.0 = Debug|Any CPU
		{547E1635-A195-4CF2-B879-A08E781F24E3}.Debug|x86.ActiveCfg = Debug|Any CPU
		{547E1635-A195-4CF2-B879-A08E781F24E3}.Debug|x86.Build.0 = Debug|Any CPU
		{547E1635-A195-4CF2-B879-A08E781F24E3}.Release|Any CPU.ActiveCfg = Release|Any CPU
		{547E1635-A195-4CF2-B879-A08E781F24E3}.Release|Any CPU.Build.0 = Release|Any CPU
		{547E1635-A195-4CF2-B879-A08E781F24E3}.Release|x64.ActiveCfg = Release|Any CPU
		{547E1635-A195-4CF2-B879-A08E781F24E3}.Release|x64.Build.0 = Release|Any CPU
		{547E1635-A195-4CF2-B879-A08E781F24E3}.Release|x86.ActiveCfg = Release|Any CPU
		{547E1635-A195-4CF2-B879-A08E781F24E3}.Release|x86.Build.0 = Release|Any CPU
	EndGlobalSection
	GlobalSection(SolutionProperties) = preSolution
		HideSolutionNode = FALSE
	EndGlobalSection
	GlobalSection(NestedProjects) = preSolution
		{65CEFD25-F378-4465-883B-436CBE9BDB63} = {995109F3-6C00-477F-A179-3250114070C5}
		{547E1635-A195-4CF2-B879-A08E781F24E3} = {67590433-EF5E-49BB-B75F-1E97A6346CF6}
	EndGlobalSection
	GlobalSection(ExtensibilityGlobals) = postSolution
		SolutionGuid = {4D38B730-14AB-466E-A9BC-AFAC75701399}
	EndGlobalSection
EndGlobal
